
Microsoft Visual Studio Solution File, Format Version 12.00
# Visual Studio 15
VisualStudioVersion = 15.0.28010.2036
MinimumVisualStudioVersion = 10.0.40219.1
Project("{8BC9CEB8-8B4A-11D0-8D11-00A0C91BC942}") = "posture_recognition", "posture_recognition.vcxproj", "{E7064D6E-7322-4141-BD1E-F40CAD68269E}"
EndProject
Project("{FAE04EC0-301F-11D3-BF4B-00C04F79EFBC}") = "API试接入", "..\API试接入\API试接入.csproj", "{6064AF92-7D93-425D-923D-A0866A601930}"
EndProject
Global
	GlobalSection(SolutionConfigurationPlatforms) = preSolution
		Debug|Any CPU = Debug|Any CPU
		Debug|x64 = Debug|x64
		Debug|x86 = Debug|x86
		Release|Any CPU = Release|Any CPU
		Release|x64 = Release|x64
		Release|x86 = Release|x86
	EndGlobalSection
	GlobalSection(ProjectConfigurationPlatforms) = postSolution
		{E7064D6E-7322-4141-BD1E-F40CAD68269E}.Debug|Any CPU.ActiveCfg = Debug|Win32
		{E7064D6E-7322-4141-BD1E-F40CAD68269E}.Debug|x64.ActiveCfg = Debug|x64
		{E7064D6E-7322-4141-BD1E-F40CAD68269E}.Debug|x64.Build.0 = Debug|x64
		{E7064D6E-7322-4141-BD1E-F40CAD68269E}.Debug|x86.ActiveCfg = Debug|Win32
		{E7064D6E-7322-4141-BD1E-F40CAD68269E}.Debug|x86.Build.0 = Debug|Win32
		{E7064D6E-7322-4141-BD1E-F40CAD68269E}.Release|Any CPU.ActiveCfg = Release|Win32
		{E7064D6E-7322-4141-BD1E-F40CAD68269E}.Release|x64.ActiveCfg = Release|x64
		{E7064D6E-7322-4141-BD1E-F40CAD68269E}.Release|x64.Build.0 = Release|x64
		{E7064D6E-7322-4141-BD1E-F40CAD68269E}.Release|x86.ActiveCfg = Release|Win32
		{E7064D6E-7322-4141-BD1E-F40CAD68269E}.Release|x86.Build.0 = Release|Win32
		{6064AF92-7D93-425D-923D-A0866A601930}.Debug|Any CPU.ActiveCfg = Debug|Any CPU
		{6064AF92-7D93-425D-923D-A0866A601930}.Debug|Any CPU.Build.0 = Debug|Any CPU
		{6064AF92-7D93-425D-923D-A0866A601930}.Debug|x64.ActiveCfg = Debug|Any CPU
		{6064AF92-7D93-425D-923D-A0866A601930}.Debug|x64.Build.0 = Debug|Any CPU
		{6064AF92-7D93-425D-923D-A0866A601930}.Debug|x86.ActiveCfg = Debug|Any CPU
		{6064AF92-7D93-425D-923D-A0866A601930}.Debug|x86.Build.0 = Debug|Any CPU
		{6064AF92-7D93-425D-923D-A0866A601930}.Release|Any CPU.ActiveCfg = Release|Any CPU
		{6064AF92-7D93-425D-923D-A0866A601930}.Release|Any CPU.Build.0 = Release|Any CPU
		{6064AF92-7D93-425D-923D-A0866A601930}.Release|x64.ActiveCfg = Release|Any CPU
		{6064AF92-7D93-425D-923D-A0866A601930}.Release|x64.Build.0 = Release|Any CPU
		{6064AF92-7D93-425D-923D-A0866A601930}.Release|x86.ActiveCfg = Release|Any CPU
		{6064AF92-7D93-425D-923D-A0866A601930}.Release|x86.Build.0 = Release|Any CPU
	EndGlobalSection
	GlobalSection(SolutionProperties) = preSolution
		HideSolutionNode = FALSE
	EndGlobalSection
	GlobalSection(ExtensibilityGlobals) = postSolution
		SolutionGuid = {1E90B1C1-E179-4269-A7FB-33CE35BC21EF}
	EndGlobalSection
EndGlobal
